
Microsoft Visual Studio Solution File, Format Version 12.00
# Visual Studio 15
VisualStudioVersion = 15.0.27703.2026
MinimumVisualStudioVersion = 10.0.40219.1
Project("{FAE04EC0-301F-11D3-BF4B-00C04F79EFBC}") = "Tedu Core App", "Tedu Core App\Tedu Core App.csproj", "{5098F4E4-29C4-4FC8-9E2C-559E2B7C3538}"
EndProject
Global
	GlobalSection(SolutionConfigurationPlatforms) = preSolution
		Debug|Any CPU = Debug|Any CPU
		Release|Any CPU = Release|Any CPU
	EndGlobalSection
	GlobalSection(ProjectConfigurationPlatforms) = postSolution
		{5098F4E4-29C4-4FC8-9E2C-559E2B7C3538}.Debug|Any CPU.ActiveCfg = Debug|Any CPU
		{5098F4E4-29C4-4FC8-9E2C-559E2B7C3538}.Debug|Any CPU.Build.0 = Debug|Any CPU
		{5098F4E4-29C4-4FC8-9E2C-559E2B7C3538}.Release|Any CPU.ActiveCfg = Release|Any CPU
		{5098F4E4-29C4-4FC8-9E2C-559E2B7C3538}.Release|Any CPU.Build.0 = Release|Any CPU
	EndGlobalSection
	GlobalSection(SolutionProperties) = preSolution
		HideSolutionNode = FALSE
	EndGlobalSection
	GlobalSection(ExtensibilityGlobals) = postSolution
		SolutionGuid = {E4F68968-6D97-41CF-B935-27204651B785}
	EndGlobalSection
EndGlobal
